
Microsoft Visual Studio Solution File, Format Version 12.00
# Visual Studio Version 16
VisualStudioVersion = 16.0.31424.327
MinimumVisualStudioVersion = 10.0.40219.1
Project("{FAE04EC0-301F-11D3-BF4B-00C04F79EFBC}") = "Task1ServiceStack", "Task1ServiceStack\Task1ServiceStack\Task1ServiceStack.csproj", "{4389B305-B381-4B50-B1A8-BBB5259A0524}"
EndProject
Project("{FAE04EC0-301F-11D3-BF4B-00C04F79EFBC}") = "Task1ServiceStack.ServiceModel", "Task1ServiceStack\Task1ServiceStack.ServiceModel\Task1ServiceStack.ServiceModel.csproj", "{53E82AC1-DD1D-4C66-B55F-F9F4ACFB2F40}"
EndProject
Project("{FAE04EC0-301F-11D3-BF4B-00C04F79EFBC}") = "Task1ServiceStack.ServiceInterface", "Task1ServiceStack\Task1ServiceStack.ServiceInterface\Task1ServiceStack.ServiceInterface.csproj", "{801A0F89-D5F6-49A6-BCEA-6624388C98A4}"
EndProject
Project("{2150E333-8FDC-42A3-9474-1A3956D46DE8}") = "Solution Items", "Solution Items", "{AACC88C3-44F5-4777-832D-955779EA6E04}"
	ProjectSection(SolutionItems) = preProject
		.editorconfig = .editorconfig
	EndProjectSection
EndProject
Global
	GlobalSection(SolutionConfigurationPlatforms) = preSolution
		Debug|Any CPU = Debug|Any CPU
		Release|Any CPU = Release|Any CPU
	EndGlobalSection
	GlobalSection(ProjectConfigurationPlatforms) = postSolution
		{4389B305-B381-4B50-B1A8-BBB5259A0524}.Debug|Any CPU.ActiveCfg = Debug|Any CPU
		{4389B305-B381-4B50-B1A8-BBB5259A0524}.Debug|Any CPU.Build.0 = Debug|Any CPU
		{4389B305-B381-4B50-B1A8-BBB5259A0524}.Release|Any CPU.ActiveCfg = Release|Any CPU
		{4389B305-B381-4B50-B1A8-BBB5259A0524}.Release|Any CPU.Build.0 = Release|Any CPU
		{53E82AC1-DD1D-4C66-B55F-F9F4ACFB2F40}.Debug|Any CPU.ActiveCfg = Debug|Any CPU
		{53E82AC1-DD1D-4C66-B55F-F9F4ACFB2F40}.Debug|Any CPU.Build.0 = Debug|Any CPU
		{53E82AC1-DD1D-4C66-B55F-F9F4ACFB2F40}.Release|Any CPU.ActiveCfg = Release|Any CPU
		{53E82AC1-DD1D-4C66-B55F-F9F4ACFB2F40}.Release|Any CPU.Build.0 = Release|Any CPU
		{801A0F89-D5F6-49A6-BCEA-6624388C98A4}.Debug|Any CPU.ActiveCfg = Debug|Any CPU
		{801A0F89-D5F6-49A6-BCEA-6624388C98A4}.Debug|Any CPU.Build.0 = Debug|Any CPU
		{801A0F89-D5F6-49A6-BCEA-6624388C98A4}.Release|Any CPU.ActiveCfg = Release|Any CPU
		{801A0F89-D5F6-49A6-BCEA-6624388C98A4}.Release|Any CPU.Build.0 = Release|Any CPU
	EndGlobalSection
	GlobalSection(SolutionProperties) = preSolution
		HideSolutionNode = FALSE
	EndGlobalSection
	GlobalSection(ExtensibilityGlobals) = postSolution
		SolutionGuid = {63094EC9-3859-4BEB-84DB-08A0F4976078}
	EndGlobalSection
EndGlobal
